
Microsoft Visual Studio Solution File, Format Version 12.00
# Visual Studio Version 16
VisualStudioVersion = 16.0.29806.167
MinimumVisualStudioVersion = 10.0.40219.1
Project("{9A19103F-16F7-4668-BE54-9A1E7A4F7556}") = "FileStorage.API", "FileStorage.API\FileStorage.API.csproj", "{A7D2705E-B8EE-44A3-A4DC-6C6FB4768757}"
EndProject
Project("{9A19103F-16F7-4668-BE54-9A1E7A4F7556}") = "FileStorage.Domain", "FileStorage.Domain\FileStorage.Domain.csproj", "{E0D0851B-3087-4192-9D6E-DC54AF2AD5FD}"
EndProject
Project("{9A19103F-16F7-4668-BE54-9A1E7A4F7556}") = "FileStorage.Data", "FileStorage.Data\FileStorage.Data.csproj", "{DD2F8F5F-E747-4120-98F3-5509BF369C93}"
EndProject
Project("{9A19103F-16F7-4668-BE54-9A1E7A4F7556}") = "FileStorage.Logger", "FileStorage.Logger\FileStorage.Logger.csproj", "{09A8150F-0001-4DD7-852C-BBBEE1C3332F}"
EndProject
Project("{9A19103F-16F7-4668-BE54-9A1E7A4F7556}") = "FileStorage.Data.Tests", "FileStorage.Data.Tests\FileStorage.Data.Tests.csproj", "{5D686E40-F233-4D81-91C2-A627F8994F7C}"
EndProject
Project("{FAE04EC0-301F-11D3-BF4B-00C04F79EFBC}") = "FileStorage.Domain.Tests", "FileStorage.Domain.Tests\FileStorage.Domain.Tests.csproj", "{C45A36EC-C77C-4813-9EB9-7ABA51BB6B24}"
EndProject
Global
	GlobalSection(SolutionConfigurationPlatforms) = preSolution
		Debug|Any CPU = Debug|Any CPU
		Release|Any CPU = Release|Any CPU
	EndGlobalSection
	GlobalSection(ProjectConfigurationPlatforms) = postSolution
		{A7D2705E-B8EE-44A3-A4DC-6C6FB4768757}.Debug|Any CPU.ActiveCfg = Debug|Any CPU
		{A7D2705E-B8EE-44A3-A4DC-6C6FB4768757}.Debug|Any CPU.Build.0 = Debug|Any CPU
		{A7D2705E-B8EE-44A3-A4DC-6C6FB4768757}.Release|Any CPU.ActiveCfg = Release|Any CPU
		{A7D2705E-B8EE-44A3-A4DC-6C6FB4768757}.Release|Any CPU.Build.0 = Release|Any CPU
		{E0D0851B-3087-4192-9D6E-DC54AF2AD5FD}.Debug|Any CPU.ActiveCfg = Debug|Any CPU
		{E0D0851B-3087-4192-9D6E-DC54AF2AD5FD}.Debug|Any CPU.Build.0 = Debug|Any CPU
		{E0D0851B-3087-4192-9D6E-DC54AF2AD5FD}.Release|Any CPU.ActiveCfg = Release|Any CPU
		{E0D0851B-3087-4192-9D6E-DC54AF2AD5FD}.Release|Any CPU.Build.0 = Release|Any CPU
		{DD2F8F5F-E747-4120-98F3-5509BF369C93}.Debug|Any CPU.ActiveCfg = Debug|Any CPU
		{DD2F8F5F-E747-4120-98F3-5509BF369C93}.Debug|Any CPU.Build.0 = Debug|Any CPU
		{DD2F8F5F-E747-4120-98F3-5509BF369C93}.Release|Any CPU.ActiveCfg = Release|Any CPU
		{DD2F8F5F-E747-4120-98F3-5509BF369C93}.Release|Any CPU.Build.0 = Release|Any CPU
		{09A8150F-0001-4DD7-852C-BBBEE1C3332F}.Debug|Any CPU.ActiveCfg = Debug|Any CPU
		{09A8150F-0001-4DD7-852C-BBBEE1C3332F}.Debug|Any CPU.Build.0 = Debug|Any CPU
		{09A8150F-0001-4DD7-852C-BBBEE1C3332F}.Release|Any CPU.ActiveCfg = Release|Any CPU
		{09A8150F-0001-4DD7-852C-BBBEE1C3332F}.Release|Any CPU.Build.0 = Release|Any CPU
		{5D686E40-F233-4D81-91C2-A627F8994F7C}.Debug|Any CPU.ActiveCfg = Debug|Any CPU
		{5D686E40-F233-4D81-91C2-A627F8994F7C}.Debug|Any CPU.Build.0 = Debug|Any CPU
		{5D686E40-F233-4D81-91C2-A627F8994F7C}.Release|Any CPU.ActiveCfg = Release|Any CPU
		{5D686E40-F233-4D81-91C2-A627F8994F7C}.Release|Any CPU.Build.0 = Release|Any CPU
		{C45A36EC-C77C-4813-9EB9-7ABA51BB6B24}.Debug|Any CPU.ActiveCfg = Debug|Any CPU
		{C45A36EC-C77C-4813-9EB9-7ABA51BB6B24}.Debug|Any CPU.Build.0 = Debug|Any CPU
		{C45A36EC-C77C-4813-9EB9-7ABA51BB6B24}.Release|Any CPU.ActiveCfg = Release|Any CPU
		{C45A36EC-C77C-4813-9EB9-7ABA51BB6B24}.Release|Any CPU.Build.0 = Release|Any CPU
	EndGlobalSection
	GlobalSection(SolutionProperties) = preSolution
		HideSolutionNode = FALSE
	EndGlobalSection
	GlobalSection(ExtensibilityGlobals) = postSolution
		SolutionGuid = {67F5D23B-482B-4AC2-BB08-88C5C08FA7D5}
	EndGlobalSection
EndGlobal
